// !$*UTF8*$!
{
	archiveVersion = 1;
	classes = {
	};
	objectVersion = 46;
	objects = {

/* Begin PBXBuildFile section */
		17CFCBC1CF9C7CDF7DB4717F /* libPods-IvoryUITests.a in Frameworks */ = {isa = PBXBuildFile; fileRef = D7BCFAB5FAF90F12FEB7CD42 /* libPods-IvoryUITests.a */; };
		228148ED1CBB0EE2004662BF /* AppDelegate.swift in Sources */ = {isa = PBXBuildFile; fileRef = 228148EC1CBB0EE2004662BF /* AppDelegate.swift */; };
		228148EF1CBB0EE2004662BF /* ViewController.swift in Sources */ = {isa = PBXBuildFile; fileRef = 228148EE1CBB0EE2004662BF /* ViewController.swift */; };
		228148F21CBB0EE2004662BF /* Main.storyboard in Resources */ = {isa = PBXBuildFile; fileRef = 228148F01CBB0EE2004662BF /* Main.storyboard */; };
		228148F41CBB0EE2004662BF /* Assets.xcassets in Resources */ = {isa = PBXBuildFile; fileRef = 228148F31CBB0EE2004662BF /* Assets.xcassets */; };
		228148F71CBB0EE2004662BF /* LaunchScreen.storyboard in Resources */ = {isa = PBXBuildFile; fileRef = 228148F51CBB0EE2004662BF /* LaunchScreen.storyboard */; };
		228149021CBB0EE2004662BF /* IvoryTests.swift in Sources */ = {isa = PBXBuildFile; fileRef = 228149011CBB0EE2004662BF /* IvoryTests.swift */; };
		2281490D1CBB0EE2004662BF /* IvoryUITests.swift in Sources */ = {isa = PBXBuildFile; fileRef = 2281490C1CBB0EE2004662BF /* IvoryUITests.swift */; };
		22AD61801CE2A1080038E1E3 /* Parse.framework in Frameworks */ = {isa = PBXBuildFile; fileRef = 22AD617F1CE2A1080038E1E3 /* Parse.framework */; };
		22AD61821CE2A1100038E1E3 /* Bolts.framework in Frameworks */ = {isa = PBXBuildFile; fileRef = 22AD61811CE2A1100038E1E3 /* Bolts.framework */; };
		22AD61841CE2A1430038E1E3 /* AudioToolbox.framework in Frameworks */ = {isa = PBXBuildFile; fileRef = 22AD61831CE2A1430038E1E3 /* AudioToolbox.framework */; };
		22AD61861CE2A14C0038E1E3 /* CFNetwork.framework in Frameworks */ = {isa = PBXBuildFile; fileRef = 22AD61851CE2A14C0038E1E3 /* CFNetwork.framework */; };
		22AD61881CE2A1540038E1E3 /* CoreGraphics.framework in Frameworks */ = {isa = PBXBuildFile; fileRef = 22AD61871CE2A1540038E1E3 /* CoreGraphics.framework */; };
		22AD618A1CE2A15D0038E1E3 /* CoreLocation.framework in Frameworks */ = {isa = PBXBuildFile; fileRef = 22AD61891CE2A15D0038E1E3 /* CoreLocation.framework */; };
		22AD618C1CE2A1660038E1E3 /* QuartzCore.framework in Frameworks */ = {isa = PBXBuildFile; fileRef = 22AD618B1CE2A1660038E1E3 /* QuartzCore.framework */; };
		22AD618E1CE2A1E90038E1E3 /* Security.framework in Frameworks */ = {isa = PBXBuildFile; fileRef = 22AD618D1CE2A1E90038E1E3 /* Security.framework */; };
		22AD61901CE2A1F10038E1E3 /* StoreKit.framework in Frameworks */ = {isa = PBXBuildFile; fileRef = 22AD618F1CE2A1F10038E1E3 /* StoreKit.framework */; };
		22AD61921CE2A2180038E1E3 /* SystemConfiguration.framework in Frameworks */ = {isa = PBXBuildFile; fileRef = 22AD61911CE2A2180038E1E3 /* SystemConfiguration.framework */; };
		22AD61941CE2A2200038E1E3 /* libz.tbd in Frameworks */ = {isa = PBXBuildFile; fileRef = 22AD61931CE2A2200038E1E3 /* libz.tbd */; };
		22AD61961CE2A22B0038E1E3 /* libsqlite3.tbd in Frameworks */ = {isa = PBXBuildFile; fileRef = 22AD61951CE2A22B0038E1E3 /* libsqlite3.tbd */; };
		2B2E74571CDBD61500C8D317 /* CustomButton.swift in Sources */ = {isa = PBXBuildFile; fileRef = 2B2E74561CDBD61500C8D317 /* CustomButton.swift */; };
		2BAC55A21CDE7FF300973D8E /* PhotoVC.swift in Sources */ = {isa = PBXBuildFile; fileRef = 2BAC55A11CDE7FF300973D8E /* PhotoVC.swift */; };
		2BAC55A41CDE84B600973D8E /* PhotoButton.swift in Sources */ = {isa = PBXBuildFile; fileRef = 2BAC55A31CDE84B600973D8E /* PhotoButton.swift */; };
		61699C61A7FDB7B2AECC6C8D /* libPods-IvoryTests.a in Frameworks */ = {isa = PBXBuildFile; fileRef = ACA4904735B082CDDB953484 /* libPods-IvoryTests.a */; };
		D6D4BB8C52DF433708D119A1 /* libPods-Ivory.a in Frameworks */ = {isa = PBXBuildFile; fileRef = 42FE342BCEEAC5E95FDB0ED8 /* libPods-Ivory.a */; };
/* End PBXBuildFile section */

/* Begin PBXContainerItemProxy section */
		228148FE1CBB0EE2004662BF /* PBXContainerItemProxy */ = {
			isa = PBXContainerItemProxy;
			containerPortal = 228148E11CBB0EE2004662BF /* Project object */;
			proxyType = 1;
			remoteGlobalIDString = 228148E81CBB0EE2004662BF;
			remoteInfo = Ivory;
		};
		228149091CBB0EE2004662BF /* PBXContainerItemProxy */ = {
			isa = PBXContainerItemProxy;
			containerPortal = 228148E11CBB0EE2004662BF /* Project object */;
			proxyType = 1;
			remoteGlobalIDString = 228148E81CBB0EE2004662BF;
			remoteInfo = Ivory;
		};
/* End PBXContainerItemProxy section */

/* Begin PBXFileReference section */
		0A6AD0780EF8091F0A3C5E68 /* Pods-IvoryTests.debug.xcconfig */ = {isa = PBXFileReference; includeInIndex = 1; lastKnownFileType = text.xcconfig; name = "Pods-IvoryTests.debug.xcconfig"; path = "Pods/Target Support Files/Pods-IvoryTests/Pods-IvoryTests.debug.xcconfig"; sourceTree = "<group>"; };
		209D0D3F7EB71C299E7553ED /* Pods-IvoryUITests.debug.xcconfig */ = {isa = PBXFileReference; includeInIndex = 1; lastKnownFileType = text.xcconfig; name = "Pods-IvoryUITests.debug.xcconfig"; path = "Pods/Target Support Files/Pods-IvoryUITests/Pods-IvoryUITests.debug.xcconfig"; sourceTree = "<group>"; };
		228148E91CBB0EE2004662BF /* Ivory.app */ = {isa = PBXFileReference; explicitFileType = wrapper.application; includeInIndex = 0; path = Ivory.app; sourceTree = BUILT_PRODUCTS_DIR; };
		228148EC1CBB0EE2004662BF /* AppDelegate.swift */ = {isa = PBXFileReference; lastKnownFileType = sourcecode.swift; path = AppDelegate.swift; sourceTree = "<group>"; };
		228148EE1CBB0EE2004662BF /* ViewController.swift */ = {isa = PBXFileReference; lastKnownFileType = sourcecode.swift; path = ViewController.swift; sourceTree = "<group>"; };
		228148F11CBB0EE2004662BF /* Base */ = {isa = PBXFileReference; lastKnownFileType = file.storyboard; name = Base; path = Base.lproj/Main.storyboard; sourceTree = "<group>"; };
		228148F31CBB0EE2004662BF /* Assets.xcassets */ = {isa = PBXFileReference; lastKnownFileType = folder.assetcatalog; path = Assets.xcassets; sourceTree = "<group>"; };
		228148F61CBB0EE2004662BF /* Base */ = {isa = PBXFileReference; lastKnownFileType = file.storyboard; name = Base; path = Base.lproj/LaunchScreen.storyboard; sourceTree = "<group>"; };
		228148F81CBB0EE2004662BF /* Info.plist */ = {isa = PBXFileReference; lastKnownFileType = text.plist.xml; path = Info.plist; sourceTree = "<group>"; };
		228148FD1CBB0EE2004662BF /* IvoryTests.xctest */ = {isa = PBXFileReference; explicitFileType = wrapper.cfbundle; includeInIndex = 0; path = IvoryTests.xctest; sourceTree = BUILT_PRODUCTS_DIR; };
		228149011CBB0EE2004662BF /* IvoryTests.swift */ = {isa = PBXFileReference; lastKnownFileType = sourcecode.swift; path = IvoryTests.swift; sourceTree = "<group>"; };
		228149031CBB0EE2004662BF /* Info.plist */ = {isa = PBXFileReference; lastKnownFileType = text.plist.xml; path = Info.plist; sourceTree = "<group>"; };
		228149081CBB0EE2004662BF /* IvoryUITests.xctest */ = {isa = PBXFileReference; explicitFileType = wrapper.cfbundle; includeInIndex = 0; path = IvoryUITests.xctest; sourceTree = BUILT_PRODUCTS_DIR; };
		2281490C1CBB0EE2004662BF /* IvoryUITests.swift */ = {isa = PBXFileReference; lastKnownFileType = sourcecode.swift; path = IvoryUITests.swift; sourceTree = "<group>"; };
		2281490E1CBB0EE2004662BF /* Info.plist */ = {isa = PBXFileReference; lastKnownFileType = text.plist.xml; path = Info.plist; sourceTree = "<group>"; };
		22AD617F1CE2A1080038E1E3 /* Parse.framework */ = {isa = PBXFileReference; lastKnownFileType = wrapper.framework; path = Parse.framework; sourceTree = "<group>"; };
		22AD61811CE2A1100038E1E3 /* Bolts.framework */ = {isa = PBXFileReference; lastKnownFileType = wrapper.framework; path = Bolts.framework; sourceTree = "<group>"; };
		22AD61831CE2A1430038E1E3 /* AudioToolbox.framework */ = {isa = PBXFileReference; lastKnownFileType = wrapper.framework; name = AudioToolbox.framework; path = System/Library/Frameworks/AudioToolbox.framework; sourceTree = SDKROOT; };
		22AD61851CE2A14C0038E1E3 /* CFNetwork.framework */ = {isa = PBXFileReference; lastKnownFileType = wrapper.framework; name = CFNetwork.framework; path = System/Library/Frameworks/CFNetwork.framework; sourceTree = SDKROOT; };
		22AD61871CE2A1540038E1E3 /* CoreGraphics.framework */ = {isa = PBXFileReference; lastKnownFileType = wrapper.framework; name = CoreGraphics.framework; path = System/Library/Frameworks/CoreGraphics.framework; sourceTree = SDKROOT; };
		22AD61891CE2A15D0038E1E3 /* CoreLocation.framework */ = {isa = PBXFileReference; lastKnownFileType = wrapper.framework; name = CoreLocation.framework; path = System/Library/Frameworks/CoreLocation.framework; sourceTree = SDKROOT; };
		22AD618B1CE2A1660038E1E3 /* QuartzCore.framework */ = {isa = PBXFileReference; lastKnownFileType = wrapper.framework; name = QuartzCore.framework; path = System/Library/Frameworks/QuartzCore.framework; sourceTree = SDKROOT; };
		22AD618D1CE2A1E90038E1E3 /* Security.framework */ = {isa = PBXFileReference; lastKnownFileType = wrapper.framework; name = Security.framework; path = System/Library/Frameworks/Security.framework; sourceTree = SDKROOT; };
		22AD618F1CE2A1F10038E1E3 /* StoreKit.framework */ = {isa = PBXFileReference; lastKnownFileType = wrapper.framework; name = StoreKit.framework; path = System/Library/Frameworks/StoreKit.framework; sourceTree = SDKROOT; };
		22AD61911CE2A2180038E1E3 /* SystemConfiguration.framework */ = {isa = PBXFileReference; lastKnownFileType = wrapper.framework; name = SystemConfiguration.framework; path = System/Library/Frameworks/SystemConfiguration.framework; sourceTree = SDKROOT; };
		22AD61931CE2A2200038E1E3 /* libz.tbd */ = {isa = PBXFileReference; lastKnownFileType = "sourcecode.text-based-dylib-definition"; name = libz.tbd; path = usr/lib/libz.tbd; sourceTree = SDKROOT; };
		22AD61951CE2A22B0038E1E3 /* libsqlite3.tbd */ = {isa = PBXFileReference; lastKnownFileType = "sourcecode.text-based-dylib-definition"; name = libsqlite3.tbd; path = usr/lib/libsqlite3.tbd; sourceTree = SDKROOT; };
		2B2E74561CDBD61500C8D317 /* CustomButton.swift */ = {isa = PBXFileReference; fileEncoding = 4; lastKnownFileType = sourcecode.swift; path = CustomButton.swift; sourceTree = "<group>"; };
		2BAC55A11CDE7FF300973D8E /* PhotoVC.swift */ = {isa = PBXFileReference; fileEncoding = 4; lastKnownFileType = sourcecode.swift; path = PhotoVC.swift; sourceTree = "<group>"; };
		2BAC55A31CDE84B600973D8E /* PhotoButton.swift */ = {isa = PBXFileReference; fileEncoding = 4; lastKnownFileType = sourcecode.swift; path = PhotoButton.swift; sourceTree = "<group>"; };
		42FE342BCEEAC5E95FDB0ED8 /* libPods-Ivory.a */ = {isa = PBXFileReference; explicitFileType = archive.ar; includeInIndex = 0; path = "libPods-Ivory.a"; sourceTree = BUILT_PRODUCTS_DIR; };
		58789FCDBD2290A657B11544 /* Pods-Ivory.debug.xcconfig */ = {isa = PBXFileReference; includeInIndex = 1; lastKnownFileType = text.xcconfig; name = "Pods-Ivory.debug.xcconfig"; path = "Pods/Target Support Files/Pods-Ivory/Pods-Ivory.debug.xcconfig"; sourceTree = "<group>"; };
		A2F5C2F8F022F130F3DEED2B /* Pods-Ivory.release.xcconfig */ = {isa = PBXFileReference; includeInIndex = 1; lastKnownFileType = text.xcconfig; name = "Pods-Ivory.release.xcconfig"; path = "Pods/Target Support Files/Pods-Ivory/Pods-Ivory.release.xcconfig"; sourceTree = "<group>"; };
		ACA4904735B082CDDB953484 /* libPods-IvoryTests.a */ = {isa = PBXFileReference; explicitFileType = archive.ar; includeInIndex = 0; path = "libPods-IvoryTests.a"; sourceTree = BUILT_PRODUCTS_DIR; };
		CB008CCCACADE470FC5015B2 /* Pods-IvoryTests.release.xcconfig */ = {isa = PBXFileReference; includeInIndex = 1; lastKnownFileType = text.xcconfig; name = "Pods-IvoryTests.release.xcconfig"; path = "Pods/Target Support Files/Pods-IvoryTests/Pods-IvoryTests.release.xcconfig"; sourceTree = "<group>"; };
		D7BCFAB5FAF90F12FEB7CD42 /* libPods-IvoryUITests.a */ = {isa = PBXFileReference; explicitFileType = archive.ar; includeInIndex = 0; path = "libPods-IvoryUITests.a"; sourceTree = BUILT_PRODUCTS_DIR; };
		FC16B61ACB4253313918F615 /* Pods-IvoryUITests.release.xcconfig */ = {isa = PBXFileReference; includeInIndex = 1; lastKnownFileType = text.xcconfig; name = "Pods-IvoryUITests.release.xcconfig"; path = "Pods/Target Support Files/Pods-IvoryUITests/Pods-IvoryUITests.release.xcconfig"; sourceTree = "<group>"; };
/* End PBXFileReference section */

/* Begin PBXFrameworksBuildPhase section */
		228148E61CBB0EE2004662BF /* Frameworks */ = {
			isa = PBXFrameworksBuildPhase;
			buildActionMask = 2147483647;
			files = (
				22AD61961CE2A22B0038E1E3 /* libsqlite3.tbd in Frameworks */,
				22AD61941CE2A2200038E1E3 /* libz.tbd in Frameworks */,
				22AD61921CE2A2180038E1E3 /* SystemConfiguration.framework in Frameworks */,
				22AD61901CE2A1F10038E1E3 /* StoreKit.framework in Frameworks */,
				22AD618E1CE2A1E90038E1E3 /* Security.framework in Frameworks */,
				22AD618C1CE2A1660038E1E3 /* QuartzCore.framework in Frameworks */,
				22AD618A1CE2A15D0038E1E3 /* CoreLocation.framework in Frameworks */,
				22AD61881CE2A1540038E1E3 /* CoreGraphics.framework in Frameworks */,
				22AD61861CE2A14C0038E1E3 /* CFNetwork.framework in Frameworks */,
				22AD61841CE2A1430038E1E3 /* AudioToolbox.framework in Frameworks */,
				22AD61801CE2A1080038E1E3 /* Parse.framework in Frameworks */,
				22AD61821CE2A1100038E1E3 /* Bolts.framework in Frameworks */,
				D6D4BB8C52DF433708D119A1 /* libPods-Ivory.a in Frameworks */,
			);
			runOnlyForDeploymentPostprocessing = 0;
		};
		228148FA1CBB0EE2004662BF /* Frameworks */ = {
			isa = PBXFrameworksBuildPhase;
			buildActionMask = 2147483647;
			files = (
				61699C61A7FDB7B2AECC6C8D /* libPods-IvoryTests.a in Frameworks */,
			);
			runOnlyForDeploymentPostprocessing = 0;
		};
		228149051CBB0EE2004662BF /* Frameworks */ = {
			isa = PBXFrameworksBuildPhase;
			buildActionMask = 2147483647;
			files = (
				17CFCBC1CF9C7CDF7DB4717F /* libPods-IvoryUITests.a in Frameworks */,
			);
			runOnlyForDeploymentPostprocessing = 0;
		};
/* End PBXFrameworksBuildPhase section */

/* Begin PBXGroup section */
		228148E01CBB0EE2004662BF = {
			isa = PBXGroup;
			children = (
				228148EB1CBB0EE2004662BF /* Ivory */,
				228149001CBB0EE2004662BF /* IvoryTests */,
				2281490B1CBB0EE2004662BF /* IvoryUITests */,
				228148EA1CBB0EE2004662BF /* Products */,
				4DE3C76625DCE2E27FC0D9F8 /* Pods */,
				C28CFA46F4BBE56B28F2A4F3 /* Frameworks */,
			);
			sourceTree = "<group>";
		};
		228148EA1CBB0EE2004662BF /* Products */ = {
			isa = PBXGroup;
			children = (
				228148E91CBB0EE2004662BF /* Ivory.app */,
				228148FD1CBB0EE2004662BF /* IvoryTests.xctest */,
				228149081CBB0EE2004662BF /* IvoryUITests.xctest */,
			);
			name = Products;
			sourceTree = "<group>";
		};
		228148EB1CBB0EE2004662BF /* Ivory */ = {
			isa = PBXGroup;
			children = (
				228148EC1CBB0EE2004662BF /* AppDelegate.swift */,
				2B2E74551CDBD5DB00C8D317 /* Model */,
				2B2E74541CDBD5D200C8D317 /* View */,
				2B2E74531CDBD5C600C8D317 /* Controller */,
				228148F01CBB0EE2004662BF /* Main.storyboard */,
				228148F31CBB0EE2004662BF /* Assets.xcassets */,
				228148F51CBB0EE2004662BF /* LaunchScreen.storyboard */,
				228148F81CBB0EE2004662BF /* Info.plist */,
				22AD61951CE2A22B0038E1E3 /* libsqlite3.tbd */,
				22AD61931CE2A2200038E1E3 /* libz.tbd */,
				22AD61911CE2A2180038E1E3 /* SystemConfiguration.framework */,
				22AD618F1CE2A1F10038E1E3 /* StoreKit.framework */,
				22AD618D1CE2A1E90038E1E3 /* Security.framework */,
				22AD618B1CE2A1660038E1E3 /* QuartzCore.framework */,
				22AD61891CE2A15D0038E1E3 /* CoreLocation.framework */,
				22AD61871CE2A1540038E1E3 /* CoreGraphics.framework */,
				22AD61851CE2A14C0038E1E3 /* CFNetwork.framework */,
				22AD61831CE2A1430038E1E3 /* AudioToolbox.framework */,
				22AD61811CE2A1100038E1E3 /* Bolts.framework */,
				22AD617F1CE2A1080038E1E3 /* Parse.framework */,
			);
			path = Ivory;
			sourceTree = "<group>";
		};
		228149001CBB0EE2004662BF /* IvoryTests */ = {
			isa = PBXGroup;
			children = (
				228149011CBB0EE2004662BF /* IvoryTests.swift */,
				228149031CBB0EE2004662BF /* Info.plist */,
			);
			path = IvoryTests;
			sourceTree = "<group>";
		};
		2281490B1CBB0EE2004662BF /* IvoryUITests */ = {
			isa = PBXGroup;
			children = (
				2281490C1CBB0EE2004662BF /* IvoryUITests.swift */,
				2281490E1CBB0EE2004662BF /* Info.plist */,
			);
			path = IvoryUITests;
			sourceTree = "<group>";
		};
		2B2E74531CDBD5C600C8D317 /* Controller */ = {
			isa = PBXGroup;
			children = (
				228148EE1CBB0EE2004662BF /* ViewController.swift */,
				2BAC55A11CDE7FF300973D8E /* PhotoVC.swift */,
			);
			name = Controller;
			sourceTree = "<group>";
		};
		2B2E74541CDBD5D200C8D317 /* View */ = {
			isa = PBXGroup;
			children = (
				2B2E74561CDBD61500C8D317 /* CustomButton.swift */,
				2BAC55A31CDE84B600973D8E /* PhotoButton.swift */,
			);
			name = View;
			sourceTree = "<group>";
		};
		2B2E74551CDBD5DB00C8D317 /* Model */ = {
			isa = PBXGroup;
			children = (
			);
			name = Model;
			sourceTree = "<group>";
		};
		4DE3C76625DCE2E27FC0D9F8 /* Pods */ = {
			isa = PBXGroup;
			children = (
				58789FCDBD2290A657B11544 /* Pods-Ivory.debug.xcconfig */,
				A2F5C2F8F022F130F3DEED2B /* Pods-Ivory.release.xcconfig */,
				0A6AD0780EF8091F0A3C5E68 /* Pods-IvoryTests.debug.xcconfig */,
				CB008CCCACADE470FC5015B2 /* Pods-IvoryTests.release.xcconfig */,
				209D0D3F7EB71C299E7553ED /* Pods-IvoryUITests.debug.xcconfig */,
				FC16B61ACB4253313918F615 /* Pods-IvoryUITests.release.xcconfig */,
			);
			name = Pods;
			sourceTree = "<group>";
		};
		C28CFA46F4BBE56B28F2A4F3 /* Frameworks */ = {
			isa = PBXGroup;
			children = (
				42FE342BCEEAC5E95FDB0ED8 /* libPods-Ivory.a */,
				ACA4904735B082CDDB953484 /* libPods-IvoryTests.a */,
				D7BCFAB5FAF90F12FEB7CD42 /* libPods-IvoryUITests.a */,
			);
			name = Frameworks;
			sourceTree = "<group>";
		};
/* End PBXGroup section */

/* Begin PBXNativeTarget section */
		228148E81CBB0EE2004662BF /* Ivory */ = {
			isa = PBXNativeTarget;
			buildConfigurationList = 228149111CBB0EE2004662BF /* Build configuration list for PBXNativeTarget "Ivory" */;
			buildPhases = (
				DC6A75EC726FF4194BC1AB44 /* 📦 Check Pods Manifest.lock */,
				228148E51CBB0EE2004662BF /* Sources */,
				228148E61CBB0EE2004662BF /* Frameworks */,
				228148E71CBB0EE2004662BF /* Resources */,
				FABC3587B1E64134886DC588 /* 📦 Embed Pods Frameworks */,
				44C2C9B9CCECF7F2CEF875C4 /* 📦 Copy Pods Resources */,
			);
			buildRules = (
			);
			dependencies = (
			);
			name = Ivory;
			productName = Ivory;
			productReference = 228148E91CBB0EE2004662BF /* Ivory.app */;
			productType = "com.apple.product-type.application";
		};
		228148FC1CBB0EE2004662BF /* IvoryTests */ = {
			isa = PBXNativeTarget;
			buildConfigurationList = 228149141CBB0EE2004662BF /* Build configuration list for PBXNativeTarget "IvoryTests" */;
			buildPhases = (
				85F99C690E6050043021475E /* 📦 Check Pods Manifest.lock */,
				228148F91CBB0EE2004662BF /* Sources */,
				228148FA1CBB0EE2004662BF /* Frameworks */,
				228148FB1CBB0EE2004662BF /* Resources */,
				01418D36A8285EC4D3C6F705 /* 📦 Embed Pods Frameworks */,
				9B701227AC37EC0B6B1BFCA0 /* 📦 Copy Pods Resources */,
			);
			buildRules = (
			);
			dependencies = (
				228148FF1CBB0EE2004662BF /* PBXTargetDependency */,
			);
			name = IvoryTests;
			productName = IvoryTests;
			productReference = 228148FD1CBB0EE2004662BF /* IvoryTests.xctest */;
			productType = "com.apple.product-type.bundle.unit-test";
		};
		228149071CBB0EE2004662BF /* IvoryUITests */ = {
			isa = PBXNativeTarget;
			buildConfigurationList = 228149171CBB0EE2004662BF /* Build configuration list for PBXNativeTarget "IvoryUITests" */;
			buildPhases = (
				502D363A42FCACE44B7D6E49 /* 📦 Check Pods Manifest.lock */,
				228149041CBB0EE2004662BF /* Sources */,
				228149051CBB0EE2004662BF /* Frameworks */,
				228149061CBB0EE2004662BF /* Resources */,
				28BC09ADE4B4ED9932099D39 /* 📦 Copy Pods Resources */,
			);
			buildRules = (
			);
			dependencies = (
				2281490A1CBB0EE2004662BF /* PBXTargetDependency */,
			);
			name = IvoryUITests;
			productName = IvoryUITests;
			productReference = 228149081CBB0EE2004662BF /* IvoryUITests.xctest */;
			productType = "com.apple.product-type.bundle.ui-testing";
		};
/* End PBXNativeTarget section */

/* Begin PBXProject section */
		228148E11CBB0EE2004662BF /* Project object */ = {
			isa = PBXProject;
			attributes = {
				LastSwiftUpdateCheck = 0730;
				LastUpgradeCheck = 0730;
				ORGANIZATIONNAME = TripTrunk;
				TargetAttributes = {
					228148E81CBB0EE2004662BF = {
						CreatedOnToolsVersion = 7.3;
						DevelopmentTeam = 8WCRSCZ8NE;
					};
					228148FC1CBB0EE2004662BF = {
						CreatedOnToolsVersion = 7.3;
						TestTargetID = 228148E81CBB0EE2004662BF;
					};
					228149071CBB0EE2004662BF = {
						CreatedOnToolsVersion = 7.3;
						TestTargetID = 228148E81CBB0EE2004662BF;
					};
				};
			};
			buildConfigurationList = 228148E41CBB0EE2004662BF /* Build configuration list for PBXProject "Ivory" */;
			compatibilityVersion = "Xcode 3.2";
			developmentRegion = English;
			hasScannedForEncodings = 0;
			knownRegions = (
				en,
				Base,
			);
			mainGroup = 228148E01CBB0EE2004662BF;
			productRefGroup = 228148EA1CBB0EE2004662BF /* Products */;
			projectDirPath = "";
			projectRoot = "";
			targets = (
				228148E81CBB0EE2004662BF /* Ivory */,
				228148FC1CBB0EE2004662BF /* IvoryTests */,
				228149071CBB0EE2004662BF /* IvoryUITests */,
			);
		};
/* End PBXProject section */

/* Begin PBXResourcesBuildPhase section */
		228148E71CBB0EE2004662BF /* Resources */ = {
			isa = PBXResourcesBuildPhase;
			buildActionMask = 2147483647;
			files = (
				228148F71CBB0EE2004662BF /* LaunchScreen.storyboard in Resources */,
				228148F41CBB0EE2004662BF /* Assets.xcassets in Resources */,
				228148F21CBB0EE2004662BF /* Main.storyboard in Resources */,
			);
			runOnlyForDeploymentPostprocessing = 0;
		};
		228148FB1CBB0EE2004662BF /* Resources */ = {
			isa = PBXResourcesBuildPhase;
			buildActionMask = 2147483647;
			files = (
			);
			runOnlyForDeploymentPostprocessing = 0;
		};
		228149061CBB0EE2004662BF /* Resources */ = {
			isa = PBXResourcesBuildPhase;
			buildActionMask = 2147483647;
			files = (
			);
			runOnlyForDeploymentPostprocessing = 0;
		};
/* End PBXResourcesBuildPhase section */

/* Begin PBXShellScriptBuildPhase section */
		01418D36A8285EC4D3C6F705 /* 📦 Embed Pods Frameworks */ = {
			isa = PBXShellScriptBuildPhase;
			buildActionMask = 2147483647;
			files = (
			);
			inputPaths = (
			);
			name = "📦 Embed Pods Frameworks";
			outputPaths = (
			);
			runOnlyForDeploymentPostprocessing = 0;
			shellPath = /bin/sh;
			shellScript = "\"${SRCROOT}/Pods/Target Support Files/Pods-IvoryTests/Pods-IvoryTests-frameworks.sh\"\n";
			showEnvVarsInLog = 0;
		};
		28BC09ADE4B4ED9932099D39 /* 📦 Copy Pods Resources */ = {
			isa = PBXShellScriptBuildPhase;
			buildActionMask = 2147483647;
			files = (
			);
			inputPaths = (
			);
			name = "📦 Copy Pods Resources";
			outputPaths = (
			);
			runOnlyForDeploymentPostprocessing = 0;
			shellPath = /bin/sh;
			shellScript = "\"${SRCROOT}/Pods/Target Support Files/Pods-IvoryUITests/Pods-IvoryUITests-resources.sh\"\n";
			showEnvVarsInLog = 0;
		};
		44C2C9B9CCECF7F2CEF875C4 /* 📦 Copy Pods Resources */ = {
			isa = PBXShellScriptBuildPhase;
			buildActionMask = 2147483647;
			files = (
			);
			inputPaths = (
			);
			name = "📦 Copy Pods Resources";
			outputPaths = (
			);
			runOnlyForDeploymentPostprocessing = 0;
			shellPath = /bin/sh;
			shellScript = "\"${SRCROOT}/Pods/Target Support Files/Pods-Ivory/Pods-Ivory-resources.sh\"\n";
			showEnvVarsInLog = 0;
		};
		502D363A42FCACE44B7D6E49 /* 📦 Check Pods Manifest.lock */ = {
			isa = PBXShellScriptBuildPhase;
			buildActionMask = 2147483647;
			files = (
			);
			inputPaths = (
			);
			name = "📦 Check Pods Manifest.lock";
			outputPaths = (
			);
			runOnlyForDeploymentPostprocessing = 0;
			shellPath = /bin/sh;
			shellScript = "diff \"${PODS_ROOT}/../Podfile.lock\" \"${PODS_ROOT}/Manifest.lock\" > /dev/null\nif [[ $? != 0 ]] ; then\n    cat << EOM\nerror: The sandbox is not in sync with the Podfile.lock. Run 'pod install' or update your CocoaPods installation.\nEOM\n    exit 1\nfi\n";
			showEnvVarsInLog = 0;
		};
		85F99C690E6050043021475E /* 📦 Check Pods Manifest.lock */ = {
			isa = PBXShellScriptBuildPhase;
			buildActionMask = 2147483647;
			files = (
			);
			inputPaths = (
			);
			name = "📦 Check Pods Manifest.lock";
			outputPaths = (
			);
			runOnlyForDeploymentPostprocessing = 0;
			shellPath = /bin/sh;
			shellScript = "diff \"${PODS_ROOT}/../Podfile.lock\" \"${PODS_ROOT}/Manifest.lock\" > /dev/null\nif [[ $? != 0 ]] ; then\n    cat << EOM\nerror: The sandbox is not in sync with the Podfile.lock. Run 'pod install' or update your CocoaPods installation.\nEOM\n    exit 1\nfi\n";
			showEnvVarsInLog = 0;
		};
		9B701227AC37EC0B6B1BFCA0 /* 📦 Copy Pods Resources */ = {
			isa = PBXShellScriptBuildPhase;
			buildActionMask = 2147483647;
			files = (
			);
			inputPaths = (
			);
			name = "📦 Copy Pods Resources";
			outputPaths = (
			);
			runOnlyForDeploymentPostprocessing = 0;
			shellPath = /bin/sh;
			shellScript = "\"${SRCROOT}/Pods/Target Support Files/Pods-IvoryTests/Pods-IvoryTests-resources.sh\"\n";
			showEnvVarsInLog = 0;
		};
		DC6A75EC726FF4194BC1AB44 /* 📦 Check Pods Manifest.lock */ = {
			isa = PBXShellScriptBuildPhase;
			buildActionMask = 2147483647;
			files = (
			);
			inputPaths = (
			);
			name = "📦 Check Pods Manifest.lock";
			outputPaths = (
			);
			runOnlyForDeploymentPostprocessing = 0;
			shellPath = /bin/sh;
			shellScript = "diff \"${PODS_ROOT}/../Podfile.lock\" \"${PODS_ROOT}/Manifest.lock\" > /dev/null\nif [[ $? != 0 ]] ; then\n    cat << EOM\nerror: The sandbox is not in sync with the Podfile.lock. Run 'pod install' or update your CocoaPods installation.\nEOM\n    exit 1\nfi\n";
			showEnvVarsInLog = 0;
		};
		FABC3587B1E64134886DC588 /* 📦 Embed Pods Frameworks */ = {
			isa = PBXShellScriptBuildPhase;
			buildActionMask = 2147483647;
			files = (
			);
			inputPaths = (
			);
			name = "📦 Embed Pods Frameworks";
			outputPaths = (
			);
			runOnlyForDeploymentPostprocessing = 0;
			shellPath = /bin/sh;
			shellScript = "\"${SRCROOT}/Pods/Target Support Files/Pods-Ivory/Pods-Ivory-frameworks.sh\"\n";
			showEnvVarsInLog = 0;
		};
/* End PBXShellScriptBuildPhase section */

/* Begin PBXSourcesBuildPhase section */
		228148E51CBB0EE2004662BF /* Sources */ = {
			isa = PBXSourcesBuildPhase;
			buildActionMask = 2147483647;
			files = (
				228148EF1CBB0EE2004662BF /* ViewController.swift in Sources */,
				228148ED1CBB0EE2004662BF /* AppDelegate.swift in Sources */,
				2B2E74571CDBD61500C8D317 /* CustomButton.swift in Sources */,
				2BAC55A21CDE7FF300973D8E /* PhotoVC.swift in Sources */,
				2BAC55A41CDE84B600973D8E /* PhotoButton.swift in Sources */,
			);
			runOnlyForDeploymentPostprocessing = 0;
		};
		228148F91CBB0EE2004662BF /* Sources */ = {
			isa = PBXSourcesBuildPhase;
			buildActionMask = 2147483647;
			files = (
				228149021CBB0EE2004662BF /* IvoryTests.swift in Sources */,
			);
			runOnlyForDeploymentPostprocessing = 0;
		};
		228149041CBB0EE2004662BF /* Sources */ = {
			isa = PBXSourcesBuildPhase;
			buildActionMask = 2147483647;
			files = (
				2281490D1CBB0EE2004662BF /* IvoryUITests.swift in Sources */,
			);
			runOnlyForDeploymentPostprocessing = 0;
		};
/* End PBXSourcesBuildPhase section */

/* Begin PBXTargetDependency section */
		228148FF1CBB0EE2004662BF /* PBXTargetDependency */ = {
			isa = PBXTargetDependency;
			target = 228148E81CBB0EE2004662BF /* Ivory */;
			targetProxy = 228148FE1CBB0EE2004662BF /* PBXContainerItemProxy */;
		};
		2281490A1CBB0EE2004662BF /* PBXTargetDependency */ = {
			isa = PBXTargetDependency;
			target = 228148E81CBB0EE2004662BF /* Ivory */;
			targetProxy = 228149091CBB0EE2004662BF /* PBXContainerItemProxy */;
		};
/* End PBXTargetDependency section */

/* Begin PBXVariantGroup section */
		228148F01CBB0EE2004662BF /* Main.storyboard */ = {
			isa = PBXVariantGroup;
			children = (
				228148F11CBB0EE2004662BF /* Base */,
			);
			name = Main.storyboard;
			sourceTree = "<group>";
		};
		228148F51CBB0EE2004662BF /* LaunchScreen.storyboard */ = {
			isa = PBXVariantGroup;
			children = (
				228148F61CBB0EE2004662BF /* Base */,
			);
			name = LaunchScreen.storyboard;
			sourceTree = "<group>";
		};
/* End PBXVariantGroup section */

/* Begin XCBuildConfiguration section */
		2281490F1CBB0EE2004662BF /* Debug */ = {
			isa = XCBuildConfiguration;
			buildSettings = {
				ALWAYS_SEARCH_USER_PATHS = NO;
				CLANG_ANALYZER_NONNULL = YES;
				CLANG_CXX_LANGUAGE_STANDARD = "gnu++0x";
				CLANG_CXX_LIBRARY = "libc++";
				CLANG_ENABLE_MODULES = YES;
				CLANG_ENABLE_OBJC_ARC = YES;
				CLANG_WARN_BOOL_CONVERSION = YES;
				CLANG_WARN_CONSTANT_CONVERSION = YES;
				CLANG_WARN_DIRECT_OBJC_ISA_USAGE = YES_ERROR;
				CLANG_WARN_EMPTY_BODY = YES;
				CLANG_WARN_ENUM_CONVERSION = YES;
				CLANG_WARN_INT_CONVERSION = YES;
				CLANG_WARN_OBJC_ROOT_CLASS = YES_ERROR;
				CLANG_WARN_UNREACHABLE_CODE = YES;
				CLANG_WARN__DUPLICATE_METHOD_MATCH = YES;
				"CODE_SIGN_IDENTITY[sdk=iphoneos*]" = "iPhone Developer";
				COPY_PHASE_STRIP = NO;
				DEBUG_INFORMATION_FORMAT = dwarf;
				ENABLE_STRICT_OBJC_MSGSEND = YES;
				ENABLE_TESTABILITY = YES;
				GCC_C_LANGUAGE_STANDARD = gnu99;
				GCC_DYNAMIC_NO_PIC = NO;
				GCC_NO_COMMON_BLOCKS = YES;
				GCC_OPTIMIZATION_LEVEL = 0;
				GCC_PREPROCESSOR_DEFINITIONS = (
					"DEBUG=1",
					"$(inherited)",
				);
				GCC_WARN_64_TO_32_BIT_CONVERSION = YES;
				GCC_WARN_ABOUT_RETURN_TYPE = YES_ERROR;
				GCC_WARN_UNDECLARED_SELECTOR = YES;
				GCC_WARN_UNINITIALIZED_AUTOS = YES_AGGRESSIVE;
				GCC_WARN_UNUSED_FUNCTION = YES;
				GCC_WARN_UNUSED_VARIABLE = YES;
				IPHONEOS_DEPLOYMENT_TARGET = 9.3;
				MTL_ENABLE_DEBUG_INFO = YES;
				ONLY_ACTIVE_ARCH = YES;
				SDKROOT = iphoneos;
				SWIFT_OPTIMIZATION_LEVEL = "-Onone";
				TARGETED_DEVICE_FAMILY = "1,2";
			};
			name = Debug;
		};
		228149101CBB0EE2004662BF /* Release */ = {
			isa = XCBuildConfiguration;
			buildSettings = {
				ALWAYS_SEARCH_USER_PATHS = NO;
				CLANG_ANALYZER_NONNULL = YES;
				CLANG_CXX_LANGUAGE_STANDARD = "gnu++0x";
				CLANG_CXX_LIBRARY = "libc++";
				CLANG_ENABLE_MODULES = YES;
				CLANG_ENABLE_OBJC_ARC = YES;
				CLANG_WARN_BOOL_CONVERSION = YES;
				CLANG_WARN_CONSTANT_CONVERSION = YES;
				CLANG_WARN_DIRECT_OBJC_ISA_USAGE = YES_ERROR;
				CLANG_WARN_EMPTY_BODY = YES;
				CLANG_WARN_ENUM_CONVERSION = YES;
				CLANG_WARN_INT_CONVERSION = YES;
				CLANG_WARN_OBJC_ROOT_CLASS = YES_ERROR;
				CLANG_WARN_UNREACHABLE_CODE = YES;
				CLANG_WARN__DUPLICATE_METHOD_MATCH = YES;
				"CODE_SIGN_IDENTITY[sdk=iphoneos*]" = "iPhone Developer";
				COPY_PHASE_STRIP = NO;
				DEBUG_INFORMATION_FORMAT = "dwarf-with-dsym";
				ENABLE_NS_ASSERTIONS = NO;
				ENABLE_STRICT_OBJC_MSGSEND = YES;
				GCC_C_LANGUAGE_STANDARD = gnu99;
				GCC_NO_COMMON_BLOCKS = YES;
				GCC_WARN_64_TO_32_BIT_CONVERSION = YES;
				GCC_WARN_ABOUT_RETURN_TYPE = YES_ERROR;
				GCC_WARN_UNDECLARED_SELECTOR = YES;
				GCC_WARN_UNINITIALIZED_AUTOS = YES_AGGRESSIVE;
				GCC_WARN_UNUSED_FUNCTION = YES;
				GCC_WARN_UNUSED_VARIABLE = YES;
				IPHONEOS_DEPLOYMENT_TARGET = 9.3;
				MTL_ENABLE_DEBUG_INFO = NO;
				SDKROOT = iphoneos;
				TARGETED_DEVICE_FAMILY = "1,2";
				VALIDATE_PRODUCT = YES;
			};
			name = Release;
		};
		228149121CBB0EE2004662BF /* Debug */ = {
			isa = XCBuildConfiguration;
			baseConfigurationReference = 58789FCDBD2290A657B11544 /* Pods-Ivory.debug.xcconfig */;
			buildSettings = {
				ASSETCATALOG_COMPILER_APPICON_NAME = AppIcon;
				CODE_SIGN_IDENTITY = "iPhone Developer";
				FRAMEWORK_SEARCH_PATHS = (
					"$(inherited)",
					"$(PROJECT_DIR)/Ivory",
				);
				INFOPLIST_FILE = Ivory/Info.plist;
				LD_RUNPATH_SEARCH_PATHS = "$(inherited) @executable_path/Frameworks";
				ON_DEMAND_RESOURCES_INITIAL_INSTALL_TAGS = "";
				PRODUCT_BUNDLE_IDENTIFIER = triptrunk.Ivory;
				PRODUCT_NAME = "$(TARGET_NAME)";
			};
			name = Debug;
		};
		228149131CBB0EE2004662BF /* Release */ = {
			isa = XCBuildConfiguration;
			baseConfigurationReference = A2F5C2F8F022F130F3DEED2B /* Pods-Ivory.release.xcconfig */;
			buildSettings = {
				ASSETCATALOG_COMPILER_APPICON_NAME = AppIcon;
				CODE_SIGN_IDENTITY = "iPhone Developer";
				FRAMEWORK_SEARCH_PATHS = (
					"$(inherited)",
					"$(PROJECT_DIR)/Ivory",
				);
				INFOPLIST_FILE = Ivory/Info.plist;
				LD_RUNPATH_SEARCH_PATHS = "$(inherited) @executable_path/Frameworks";
				ON_DEMAND_RESOURCES_INITIAL_INSTALL_TAGS = "";
				PRODUCT_BUNDLE_IDENTIFIER = triptrunk.Ivory;
				PRODUCT_NAME = "$(TARGET_NAME)";
			};
			name = Release;
		};
		228149151CBB0EE2004662BF /* Debug */ = {
			isa = XCBuildConfiguration;
			baseConfigurationReference = 0A6AD0780EF8091F0A3C5E68 /* Pods-IvoryTests.debug.xcconfig */;
			buildSettings = {
				BUNDLE_LOADER = "$(TEST_HOST)";
				INFOPLIST_FILE = IvoryTests/Info.plist;
				LD_RUNPATH_SEARCH_PATHS = "$(inherited) @executable_path/Frameworks @loader_path/Frameworks";
				PRODUCT_BUNDLE_IDENTIFIER = triptrunk.IvoryTests;
				PRODUCT_NAME = "$(TARGET_NAME)";
				TEST_HOST = "$(BUILT_PRODUCTS_DIR)/Ivory.app/Ivory";
			};
			name = Debug;
		};
		228149161CBB0EE2004662BF /* Release */ = {
			isa = XCBuildConfiguration;
			baseConfigurationReference = CB008CCCACADE470FC5015B2 /* Pods-IvoryTests.release.xcconfig */;
			buildSettings = {
				BUNDLE_LOADER = "$(TEST_HOST)";
				INFOPLIST_FILE = IvoryTests/Info.plist;
				LD_RUNPATH_SEARCH_PATHS = "$(inherited) @executable_path/Frameworks @loader_path/Frameworks";
				PRODUCT_BUNDLE_IDENTIFIER = triptrunk.IvoryTests;
				PRODUCT_NAME = "$(TARGET_NAME)";
				TEST_HOST = "$(BUILT_PRODUCTS_DIR)/Ivory.app/Ivory";
			};
			name = Release;
		};
		228149181CBB0EE2004662BF /* Debug */ = {
			isa = XCBuildConfiguration;
			baseConfigurationReference = 209D0D3F7EB71C299E7553ED /* Pods-IvoryUITests.debug.xcconfig */;
			buildSettings = {
				INFOPLIST_FILE = IvoryUITests/Info.plist;
				LD_RUNPATH_SEARCH_PATHS = "$(inherited) @executable_path/Frameworks @loader_path/Frameworks";
				PRODUCT_BUNDLE_IDENTIFIER = triptrunk.IvoryUITests;
				PRODUCT_NAME = "$(TARGET_NAME)";
				TEST_TARGET_NAME = Ivory;
			};
			name = Debug;
		};
		228149191CBB0EE2004662BF /* Release */ = {
			isa = XCBuildConfiguration;
			baseConfigurationReference = FC16B61ACB4253313918F615 /* Pods-IvoryUITests.release.xcconfig */;
			buildSettings = {
				INFOPLIST_FILE = IvoryUITests/Info.plist;
				LD_RUNPATH_SEARCH_PATHS = "$(inherited) @executable_path/Frameworks @loader_path/Frameworks";
				PRODUCT_BUNDLE_IDENTIFIER = triptrunk.IvoryUITests;
				PRODUCT_NAME = "$(TARGET_NAME)";
				TEST_TARGET_NAME = Ivory;
			};
			name = Release;
		};
/* End XCBuildConfiguration section */

/* Begin XCConfigurationList section */
		228148E41CBB0EE2004662BF /* Build configuration list for PBXProject "Ivory" */ = {
			isa = XCConfigurationList;
			buildConfigurations = (
				2281490F1CBB0EE2004662BF /* Debug */,
				228149101CBB0EE2004662BF /* Release */,
			);
			defaultConfigurationIsVisible = 0;
			defaultConfigurationName = Release;
		};
		228149111CBB0EE2004662BF /* Build configuration list for PBXNativeTarget "Ivory" */ = {
			isa = XCConfigurationList;
			buildConfigurations = (
				228149121CBB0EE2004662BF /* Debug */,
				228149131CBB0EE2004662BF /* Release */,
			);
			defaultConfigurationIsVisible = 0;
			defaultConfigurationName = Release;
		};
		228149141CBB0EE2004662BF /* Build configuration list for PBXNativeTarget "IvoryTests" */ = {
			isa = XCConfigurationList;
			buildConfigurations = (
				228149151CBB0EE2004662BF /* Debug */,
				228149161CBB0EE2004662BF /* Release */,
			);
			defaultConfigurationIsVisible = 0;
			defaultConfigurationName = Release;
		};
		228149171CBB0EE2004662BF /* Build configuration list for PBXNativeTarget "IvoryUITests" */ = {
			isa = XCConfigurationList;
			buildConfigurations = (
				228149181CBB0EE2004662BF /* Debug */,
				228149191CBB0EE2004662BF /* Release */,
			);
			defaultConfigurationIsVisible = 0;
			defaultConfigurationName = Release;
		};
/* End XCConfigurationList section */
	};
	rootObject = 228148E11CBB0EE2004662BF /* Project object */;
}
